
Microsoft Visual Studio Solution File, Format Version 12.00
# Visual Studio Version 17
VisualStudioVersion = 17.13.35825.156 d17.13
MinimumVisualStudioVersion = 10.0.40219.1
Project("{FAE04EC0-301F-11D3-BF4B-00C04F79EFBC}") = "Game", "Game\Game.csproj", "{3BF6BF8D-68A4-4C1F-8739-DB22B10916C9}"
EndProject
Global
	GlobalSection(SolutionConfigurationPlatforms) = preSolution
		Debug|Any CPU = Debug|Any CPU
		Release|Any CPU = Release|Any CPU
	EndGlobalSection
	GlobalSection(ProjectConfigurationPlatforms) = postSolution
		{3BF6BF8D-68A4-4C1F-8739-DB22B10916C9}.Debug|Any CPU.ActiveCfg = Debug|Any CPU
		{3BF6BF8D-68A4-4C1F-8739-DB22B10916C9}.Debug|Any CPU.Build.0 = Debug|Any CPU
		{3BF6BF8D-68A4-4C1F-8739-DB22B10916C9}.Release|Any CPU.ActiveCfg = Release|Any CPU
		{3BF6BF8D-68A4-4C1F-8739-DB22B10916C9}.Release|Any CPU.Build.0 = Release|Any CPU
	EndGlobalSection
	GlobalSection(SolutionProperties) = preSolution
		HideSolutionNode = FALSE
	EndGlobalSection
	GlobalSection(ExtensibilityGlobals) = postSolution
		SolutionGuid = {A6D331DD-85A7-47A3-9D25-97C4E2B5E608}
	EndGlobalSection
EndGlobal
